
Microsoft Visual Studio Solution File, Format Version 12.00
# Visual Studio Version 17
VisualStudioVersion = 17.14.37111.16 d17.14
MinimumVisualStudioVersion = 10.0.40219.1
Project("{8BC9CEB8-8B4A-11D0-8D11-00A0C91BC942}") = "seminar08", "seminar08\seminar08.vcxproj", "{74DECE81-1514-4F74-898D-B229E9002FC6}"
EndProject
Global
	GlobalSection(SolutionConfigurationPlatforms) = preSolution
		Debug|x64 = Debug|x64
		Debug|x86 = Debug|x86
		Release|x64 = Release|x64
		Release|x86 = Release|x86
	EndGlobalSection
	GlobalSection(ProjectConfigurationPlatforms) = postSolution
		{74DECE81-1514-4F74-898D-B229E9002FC6}.Debug|x64.ActiveCfg = Debug|x64
		{74DECE81-1514-4F74-898D-B229E9002FC6}.Debug|x64.Build.0 = Debug|x64
		{74DECE81-1514-4F74-898D-B229E9002FC6}.Debug|x86.ActiveCfg = Debug|Win32
		{74DECE81-1514-4F74-898D-B229E9002FC6}.Debug|x86.Build.0 = Debug|Win32
		{74DECE81-1514-4F74-898D-B229E9002FC6}.Release|x64.ActiveCfg = Release|x64
		{74DECE81-1514-4F74-898D-B229E9002FC6}.Release|x64.Build.0 = Release|x64
		{74DECE81-1514-4F74-898D-B229E9002FC6}.Release|x86.ActiveCfg = Release|Win32
		{74DECE81-1514-4F74-898D-B229E9002FC6}.Release|x86.Build.0 = Release|Win32
	EndGlobalSection
	GlobalSection(SolutionProperties) = preSolution
		HideSolutionNode = FALSE
	EndGlobalSection
	GlobalSection(ExtensibilityGlobals) = postSolution
		SolutionGuid = {42989461-058B-4451-AC35-482687DC3BD7}
	EndGlobalSection
EndGlobal
